
Microsoft Visual Studio Solution File, Format Version 12.00
# Visual Studio Version 17
VisualStudioVersion = 17.8.34601.278
MinimumVisualStudioVersion = 10.0.40219.1
Project("{FAE04EC0-301F-11D3-BF4B-00C04F79EFBC}") = "AziendaEdile", "AziendaEdile\AziendaEdile.csproj", "{53DC8733-30B2-4D24-AF48-0622ACF62042}"
EndProject
Global
	GlobalSection(SolutionConfigurationPlatforms) = preSolution
		Debug|Any CPU = Debug|Any CPU
		Release|Any CPU = Release|Any CPU
	EndGlobalSection
	GlobalSection(ProjectConfigurationPlatforms) = postSolution
		{53DC8733-30B2-4D24-AF48-0622ACF62042}.Debug|Any CPU.ActiveCfg = Debug|Any CPU
		{53DC8733-30B2-4D24-AF48-0622ACF62042}.Debug|Any CPU.Build.0 = Debug|Any CPU
		{53DC8733-30B2-4D24-AF48-0622ACF62042}.Release|Any CPU.ActiveCfg = Release|Any CPU
		{53DC8733-30B2-4D24-AF48-0622ACF62042}.Release|Any CPU.Build.0 = Release|Any CPU
	EndGlobalSection
	GlobalSection(SolutionProperties) = preSolution
		HideSolutionNode = FALSE
	EndGlobalSection
	GlobalSection(ExtensibilityGlobals) = postSolution
		SolutionGuid = {A6380E0E-02DC-419D-8A73-13B685AD8CA2}
	EndGlobalSection
EndGlobal
